
Microsoft Visual Studio Solution File, Format Version 12.00
# Visual Studio 15
VisualStudioVersion = 15.0.28307.168
MinimumVisualStudioVersion = 10.0.40219.1
Project("{FAE04EC0-301F-11D3-BF4B-00C04F79EFBC}") = "lab7-Collections", "lab7-Collections\lab7-Collections.csproj", "{355C21D9-DE79-429A-99D5-B38507B9F5F8}"
EndProject
Project("{FAE04EC0-301F-11D3-BF4B-00C04F79EFBC}") = "CollectionsTDD", "CollectionsTDD\CollectionsTDD.csproj", "{28AD5580-A6F7-469D-9D15-195ECE73EF55}"
EndProject
Global
	GlobalSection(SolutionConfigurationPlatforms) = preSolution
		Debug|Any CPU = Debug|Any CPU
		Release|Any CPU = Release|Any CPU
	EndGlobalSection
	GlobalSection(ProjectConfigurationPlatforms) = postSolution
		{355C21D9-DE79-429A-99D5-B38507B9F5F8}.Debug|Any CPU.ActiveCfg = Debug|Any CPU
		{355C21D9-DE79-429A-99D5-B38507B9F5F8}.Debug|Any CPU.Build.0 = Debug|Any CPU
		{355C21D9-DE79-429A-99D5-B38507B9F5F8}.Release|Any CPU.ActiveCfg = Release|Any CPU
		{355C21D9-DE79-429A-99D5-B38507B9F5F8}.Release|Any CPU.Build.0 = Release|Any CPU
		{28AD5580-A6F7-469D-9D15-195ECE73EF55}.Debug|Any CPU.ActiveCfg = Debug|Any CPU
		{28AD5580-A6F7-469D-9D15-195ECE73EF55}.Debug|Any CPU.Build.0 = Debug|Any CPU
		{28AD5580-A6F7-469D-9D15-195ECE73EF55}.Release|Any CPU.ActiveCfg = Release|Any CPU
		{28AD5580-A6F7-469D-9D15-195ECE73EF55}.Release|Any CPU.Build.0 = Release|Any CPU
	EndGlobalSection
	GlobalSection(SolutionProperties) = preSolution
		HideSolutionNode = FALSE
	EndGlobalSection
	GlobalSection(ExtensibilityGlobals) = postSolution
		SolutionGuid = {85F6B7CF-EFAC-4981-8B89-1F4B8E9536F3}
	EndGlobalSection
EndGlobal
